
Microsoft Visual Studio Solution File, Format Version 12.00
# Visual Studio 14
VisualStudioVersion = 14.0.23107.0
MinimumVisualStudioVersion = 10.0.40219.1
Project("{8BC9CEB8-8B4A-11D0-8D11-00A0C91BC942}") = "Triangle", "HelloWindow\HelloWindow.vcxproj", "{98956CCC-A93F-4F7A-9DE0-65508465061C}"
EndProject
Project("{8BC9CEB8-8B4A-11D0-8D11-00A0C91BC942}") = "Rectangle", "Rectangle\Rectangle.vcxproj", "{9EC00FC1-85D7-4467-A4FC-C3AC58DEB8B4}"
EndProject
Project("{8BC9CEB8-8B4A-11D0-8D11-00A0C91BC942}") = "ColorTriangle", "ColorTriangle\ColorTriangle.vcxproj", "{900F0225-0718-4FB6-8818-DE0A4C4E8A06}"
EndProject
Project("{8BC9CEB8-8B4A-11D0-8D11-00A0C91BC942}") = "HelperLib", "HelperLib\HelperLib.vcxproj", "{C638AE95-D350-44D2-9814-90FD4D3E99AA}"
EndProject
Project("{8BC9CEB8-8B4A-11D0-8D11-00A0C91BC942}") = "Texture", "Texture\Texture.vcxproj", "{6B5BF446-E282-4066-BFC3-8015B1C06291}"
EndProject
Global
	GlobalSection(SolutionConfigurationPlatforms) = preSolution
		Debug|x64 = Debug|x64
		Debug|x86 = Debug|x86
		Release|x64 = Release|x64
		Release|x86 = Release|x86
	EndGlobalSection
	GlobalSection(ProjectConfigurationPlatforms) = postSolution
		{98956CCC-A93F-4F7A-9DE0-65508465061C}.Debug|x64.ActiveCfg = Debug|x64
		{98956CCC-A93F-4F7A-9DE0-65508465061C}.Debug|x64.Build.0 = Debug|x64
		{98956CCC-A93F-4F7A-9DE0-65508465061C}.Debug|x86.ActiveCfg = Debug|Win32
		{98956CCC-A93F-4F7A-9DE0-65508465061C}.Debug|x86.Build.0 = Debug|Win32
		{98956CCC-A93F-4F7A-9DE0-65508465061C}.Release|x64.ActiveCfg = Release|x64
		{98956CCC-A93F-4F7A-9DE0-65508465061C}.Release|x64.Build.0 = Release|x64
		{98956CCC-A93F-4F7A-9DE0-65508465061C}.Release|x86.ActiveCfg = Release|Win32
		{98956CCC-A93F-4F7A-9DE0-65508465061C}.Release|x86.Build.0 = Release|Win32
		{9EC00FC1-85D7-4467-A4FC-C3AC58DEB8B4}.Debug|x64.ActiveCfg = Debug|x64
		{9EC00FC1-85D7-4467-A4FC-C3AC58DEB8B4}.Debug|x64.Build.0 = Debug|x64
		{9EC00FC1-85D7-4467-A4FC-C3AC58DEB8B4}.Debug|x86.ActiveCfg = Debug|Win32
		{9EC00FC1-85D7-4467-A4FC-C3AC58DEB8B4}.Debug|x86.Build.0 = Debug|Win32
		{9EC00FC1-85D7-4467-A4FC-C3AC58DEB8B4}.Release|x64.ActiveCfg = Release|x64
		{9EC00FC1-85D7-4467-A4FC-C3AC58DEB8B4}.Release|x64.Build.0 = Release|x64
		{9EC00FC1-85D7-4467-A4FC-C3AC58DEB8B4}.Release|x86.ActiveCfg = Release|Win32
		{9EC00FC1-85D7-4467-A4FC-C3AC58DEB8B4}.Release|x86.Build.0 = Release|Win32
		{900F0225-0718-4FB6-8818-DE0A4C4E8A06}.Debug|x64.ActiveCfg = Debug|x64
		{900F0225-0718-4FB6-8818-DE0A4C4E8A06}.Debug|x64.Build.0 = Debug|x64
		{900F0225-0718-4FB6-8818-DE0A4C4E8A06}.Debug|x86.ActiveCfg = Debug|Win32
		{900F0225-0718-4FB6-8818-DE0A4C4E8A06}.Debug|x86.Build.0 = Debug|Win32
		{900F0225-0718-4FB6-8818-DE0A4C4E8A06}.Release|x64.ActiveCfg = Release|x64
		{900F0225-0718-4FB6-8818-DE0A4C4E8A06}.Release|x64.Build.0 = Release|x64
		{900F0225-0718-4FB6-8818-DE0A4C4E8A06}.Release|x86.ActiveCfg = Release|Win32
		{900F0225-0718-4FB6-8818-DE0A4C4E8A06}.Release|x86.Build.0 = Release|Win32
		{C638AE95-D350-44D2-9814-90FD4D3E99AA}.Debug|x64.ActiveCfg = Debug|x64
		{C638AE95-D350-44D2-9814-90FD4D3E99AA}.Debug|x64.Build.0 = Debug|x64
		{C638AE95-D350-44D2-9814-90FD4D3E99AA}.Debug|x86.ActiveCfg = Debug|Win32
		{C638AE95-D350-44D2-9814-90FD4D3E99AA}.Debug|x86.Build.0 = Debug|Win32
		{C638AE95-D350-44D2-9814-90FD4D3E99AA}.Release|x64.ActiveCfg = Release|x64
		{C638AE95-D350-44D2-9814-90FD4D3E99AA}.Release|x64.Build.0 = Release|x64
		{C638AE95-D350-44D2-9814-90FD4D3E99AA}.Release|x86.ActiveCfg = Release|Win32
		{C638AE95-D350-44D2-9814-90FD4D3E99AA}.Release|x86.Build.0 = Release|Win32
		{6B5BF446-E282-4066-BFC3-8015B1C06291}.Debug|x64.ActiveCfg = Debug|x64
		{6B5BF446-E282-4066-BFC3-8015B1C06291}.Debug|x64.Build.0 = Debug|x64
		{6B5BF446-E282-4066-BFC3-8015B1C06291}.Debug|x86.ActiveCfg = Debug|Win32
		{6B5BF446-E282-4066-BFC3-8015B1C06291}.Debug|x86.Build.0 = Debug|Win32
		{6B5BF446-E282-4066-BFC3-8015B1C06291}.Release|x64.ActiveCfg = Release|x64
		{6B5BF446-E282-4066-BFC3-8015B1C06291}.Release|x64.Build.0 = Release|x64
		{6B5BF446-E282-4066-BFC3-8015B1C06291}.Release|x86.ActiveCfg = Release|Win32
		{6B5BF446-E282-4066-BFC3-8015B1C06291}.Release|x86.Build.0 = Release|Win32
	EndGlobalSection
	GlobalSection(SolutionProperties) = preSolution
		HideSolutionNode = FALSE
	EndGlobalSection
EndGlobal
